{
  "name": "mira-clipper-ext",
  "version": "0.99.0",
  "lockfileVersion": 3,
  "requires": true,
  "packages": {
    "": {
      "name": "mira-clipper-ext",
      "version": "0.99.0",
      "dependencies": {
        "@kudoai/chatgpt.js": "^4.15.1"
      },
      "devDependencies": {
        "@playwright/test": "^1.61.1",
        "crx3": "^1.1.3",
        "playwright": "^1.61.1"
      },
      "engines": {
        "node": ">=20.0.0"
      }
    },
    "node_modules/@cronvel/get-pixels": {
      "version": "3.4.1",
      "resolved": "https://registry.npmmirror.com/@cronvel/get-pixels/-/get-pixels-3.4.1.tgz",
      "integrity": "sha512-gB5C5nDIacLUdsMuW8YsM9SzK3vaFANe4J11CVXpovpy7bZUGrcJKmc6m/0gWG789pKr6XSZY2aEetjFvSRw5g==",
      "license": "MIT",
      "dependencies": {
        "jpeg-js": "^0.4.4",
        "ndarray": "^1.0.19",
        "ndarray-pack": "^1.1.1",
        "node-bitmap": "0.0.1",
        "omggif": "^1.0.10",
        "pngjs": "^6.0.0"
      }
    },
    "node_modules/@kudoai/ai-personas": {
      "version": "1.13.0",
      "resolved": "https://registry.npmmirror.com/@kudoai/ai-personas/-/ai-personas-1.13.0.tgz",
      "integrity": "sha512-ZoQHTlNHyr9jhcr7PFbO2RGyp4Xn7DaQWF+Kn+la+nI+j45FwOXHrC8SrctiklTt2ZQSl5lIf0VsVrLiDD748Q==",
      "funding": [
        {
          "type": "github",
          "url": "http://github.com/sponsors/KudoAI"
        }
      ],
      "license": "MIT",
      "engines": {
        "node": ">=4.0.0"
      }
    },
    "node_modules/@kudoai/chatgpt.js": {
      "version": "4.15.1",
      "resolved": "https://registry.npmmirror.com/@kudoai/chatgpt.js/-/chatgpt.js-4.15.1.tgz",
      "integrity": "sha512-mJtd3yo8+Jq9CYxOGcW7G71kOyB5hrm8vP59ivI3gXttLibuOWm2z+V2KOnmIQdrE/+K81QO+4+pPqCINzFoYw==",
      "funding": [
        {
          "type": "github",
          "url": "http://github.com/sponsors/KudoAI"
        }
      ],
      "license": "MIT",
      "dependencies": {
        "@kudoai/ai-personas": "^1.13.0",
        "ansi-colors": "^4.1.3",
        "console-table-printer": "^2.16.1",
        "is-unicode-supported": "^2.1.0",
        "node-clipboardy": "^1.0.3",
        "non-latin-locales": "^1.0.1",
        "terminal-kit": "^3.1.3"
      },
      "bin": {
        "chatgpt": "dist/terminal/cli.js",
        "chatgpt-js": "dist/terminal/cli.js",
        "chatgpt.js": "dist/terminal/cli.js",
        "cjs": "dist/terminal/cli.js",
        "gpt": "dist/terminal/cli.js"
      }
    },
    "node_modules/@playwright/test": {
      "version": "1.61.1",
      "resolved": "https://registry.npmmirror.com/@playwright/test/-/test-1.61.1.tgz",
      "integrity": "sha512-8nKv6+0RJSL9FE4jYOEGXnPeM/Hg12qZpmqzZjRh3qM0Y7c3z1mrOTfFLids72RDQYVh9WpLEfR5WdpNX4fkig==",
      "dev": true,
      "license": "Apache-2.0",
      "dependencies": {
        "playwright": "1.61.1"
      },
      "bin": {
        "playwright": "cli.js"
      },
      "engines": {
        "node": ">=18"
      }
    },
    "node_modules/ansi-colors": {
      "version": "4.1.3",
      "resolved": "https://registry.npmmirror.com/ansi-colors/-/ansi-colors-4.1.3.tgz",
      "integrity": "sha512-/6w/C21Pm1A7aZitlI5Ni/2J6FFQN8i1Cvz3kHABAAbw93v/NlvKdVOqz7CCWz/3iv/JplRSEEZ83XION15ovw==",
      "license": "MIT",
      "engines": {
        "node": ">=6"
      }
    },
    "node_modules/arch": {
      "version": "2.2.0",
      "resolved": "https://registry.npmmirror.com/arch/-/arch-2.2.0.tgz",
      "integrity": "sha512-Of/R0wqp83cgHozfIYLbBMnej79U/SVGOOyuB3VVFv1NRM/PSFMK12x9KVtiYzJqmnU5WR2qp0Z5rHb7sWGnFQ==",
      "funding": [
        {
          "type": "github",
          "url": "https://github.com/sponsors/feross"
        },
        {
          "type": "patreon",
          "url": "https://www.patreon.com/feross"
        },
        {
          "type": "consulting",
          "url": "https://feross.org/support"
        }
      ],
      "license": "MIT"
    },
    "node_modules/buffer-crc32": {
      "version": "0.2.13",
      "resolved": "https://registry.npmmirror.com/buffer-crc32/-/buffer-crc32-0.2.13.tgz",
      "integrity": "sha512-VO9Ht/+p3SN7SKWqcrgEzjGbRSJYTx+Q1pTQC0wrWqHx0vpJraQ6GtHx8tvcg1rlK1byhU5gccxgOgj7B0TDkQ==",
      "dev": true,
      "license": "MIT",
      "engines": {
        "node": "*"
      }
    },
    "node_modules/chroma-js": {
      "version": "2.6.0",
      "resolved": "https://registry.npmmirror.com/chroma-js/-/chroma-js-2.6.0.tgz",
      "integrity": "sha512-BLHvCB9s8Z1EV4ethr6xnkl/P2YRFOGqfgvuMG/MyCbZPrTA+NeiByY6XvgF0zP4/2deU2CXnWyMa3zu1LqQ3A==",
      "license": "(BSD-3-Clause AND Apache-2.0)"
    },
    "node_modules/console-table-printer": {
      "version": "2.16.1",
      "resolved": "https://registry.npmmirror.com/console-table-printer/-/console-table-printer-2.16.1.tgz",
      "integrity": "sha512-Sc9FRJ4O9xKGNrvulNdPfK5SyBcZ6lcaRnDE4AQ/uw6IDtjHhsqyzzqcnMikjyGaiOOF2tNOKoBhbVjRvFy9Lw==",
      "license": "MIT",
      "dependencies": {
        "simple-wcswidth": "^1.1.2"
      }
    },
    "node_modules/cross-spawn": {
      "version": "7.0.6",
      "resolved": "https://registry.npmmirror.com/cross-spawn/-/cross-spawn-7.0.6.tgz",
      "integrity": "sha512-uV2QOWP2nWzsy2aMp8aRibhi9dlzF5Hgh5SHaB9OiTGEyDTiJJyx0uy51QXdyWbtAHNua4XJzUKca3OzKUd3vA==",
      "license": "MIT",
      "dependencies": {
        "path-key": "^3.1.0",
        "shebang-command": "^2.0.0",
        "which": "^2.0.1"
      },
      "engines": {
        "node": ">= 8"
      }
    },
    "node_modules/crx3": {
      "version": "1.1.3",
      "resolved": "https://registry.npmmirror.com/crx3/-/crx3-1.1.3.tgz",
      "integrity": "sha512-E4c3y/2ak83wAGN4h9Q8j3A2ii4bpRVf2vxinYYy+wJs8pyscMfEnKGzhgngZcRfOhUMr7/sxzy+lTZmQ/4KpQ==",
      "dev": true,
      "license": "MIT",
      "dependencies": {
        "mri": "^1.1.6",
        "pbf": "^3.2.1",
        "yazl": "^2.5.1"
      },
      "bin": {
        "crx3": "bin/crx3.js"
      },
      "engines": {
        "node": ">=12"
      }
    },
    "node_modules/cwise-compiler": {
      "version": "1.1.3",
      "resolved": "https://registry.npmmirror.com/cwise-compiler/-/cwise-compiler-1.1.3.tgz",
      "integrity": "sha512-WXlK/m+Di8DMMcCjcWr4i+XzcQra9eCdXIJrgh4TUgh0pIS/yJduLxS9JgefsHJ/YVLdgPtXm9r62W92MvanEQ==",
      "license": "MIT",
      "dependencies": {
        "uniq": "^1.0.0"
      }
    },
    "node_modules/execa": {
      "version": "5.1.1",
      "resolved": "https://registry.npmmirror.com/execa/-/execa-5.1.1.tgz",
      "integrity": "sha512-8uSpZZocAZRBAPIEINJj3Lo9HyGitllczc27Eh5YYojjMFMn8yHMDMaUHE2Jqfq05D/wucwI4JGURyXt1vchyg==",
      "license": "MIT",
      "dependencies": {
        "cross-spawn": "^7.0.3",
        "get-stream": "^6.0.0",
        "human-signals": "^2.1.0",
        "is-stream": "^2.0.0",
        "merge-stream": "^2.0.0",
        "npm-run-path": "^4.0.1",
        "onetime": "^5.1.2",
        "signal-exit": "^3.0.3",
        "strip-final-newline": "^2.0.0"
      },
      "engines": {
        "node": ">=10"
      },
      "funding": {
        "url": "https://github.com/sindresorhus/execa?sponsor=1"
      }
    },
    "node_modules/fsevents": {
      "version": "2.3.2",
      "resolved": "https://registry.npmmirror.com/fsevents/-/fsevents-2.3.2.tgz",
      "integrity": "sha512-xiqMQR4xAeHTuB9uWm+fFRcIOgKBMiOBP+eXiyT7jsgVCq1bkVygt00oASowB7EdtpOHaaPgKt812P9ab+DDKA==",
      "dev": true,
      "hasInstallScript": true,
      "license": "MIT",
      "optional": true,
      "os": [
        "darwin"
      ],
      "engines": {
        "node": "^8.16.0 || ^10.6.0 || >=11.0.0"
      }
    },
    "node_modules/get-stream": {
      "version": "6.0.1",
      "resolved": "https://registry.npmmirror.com/get-stream/-/get-stream-6.0.1.tgz",
      "integrity": "sha512-ts6Wi+2j3jQjqi70w5AlN8DFnkSwC+MqmxEzdEALB2qXZYV3X/b1CTfgPLGJNMeAWxdPfU8FO1ms3NUfaHCPYg==",
      "license": "MIT",
      "engines": {
        "node": ">=10"
      },
      "funding": {
        "url": "https://github.com/sponsors/sindresorhus"
      }
    },
    "node_modules/human-signals": {
      "version": "2.1.0",
      "resolved": "https://registry.npmmirror.com/human-signals/-/human-signals-2.1.0.tgz",
      "integrity": "sha512-B4FFZ6q/T2jhhksgkbEW3HBvWIfDW85snkQgawt07S7J5QXTk6BkNV+0yAeZrM5QpMAdYlocGoljn0sJ/WQkFw==",
      "license": "Apache-2.0",
      "engines": {
        "node": ">=10.17.0"
      }
    },
    "node_modules/ieee754": {
      "version": "1.2.1",
      "resolved": "https://registry.npmmirror.com/ieee754/-/ieee754-1.2.1.tgz",
      "integrity": "sha512-dcyqhDvX1C46lXZcVqCpK+FtMRQVdIMN6/Df5js2zouUsqG7I6sFxitIC+7KYK29KdXOLHdu9zL4sFnoVQnqaA==",
      "dev": true,
      "funding": [
        {
          "type": "github",
          "url": "https://github.com/sponsors/feross"
        },
        {
          "type": "patreon",
          "url": "https://www.patreon.com/feross"
        },
        {
          "type": "consulting",
          "url": "https://feross.org/support"
        }
      ],
      "license": "BSD-3-Clause"
    },
    "node_modules/iota-array": {
      "version": "1.0.0",
      "resolved": "https://registry.npmmirror.com/iota-array/-/iota-array-1.0.0.tgz",
      "integrity": "sha512-pZ2xT+LOHckCatGQ3DcG/a+QuEqvoxqkiL7tvE8nn3uuu+f6i1TtpB5/FtWFbxUuVr5PZCx8KskuGatbJDXOWA==",
      "license": "MIT"
    },
    "node_modules/is-buffer": {
      "version": "1.1.6",
      "resolved": "https://registry.npmmirror.com/is-buffer/-/is-buffer-1.1.6.tgz",
      "integrity": "sha512-NcdALwpXkTm5Zvvbk7owOUSvVvBKDgKP5/ewfXEznmQFfs4ZRmanOeKBTjRVjka3QFoN6XJ+9F3USqfHqTaU5w==",
      "license": "MIT"
    },
    "node_modules/is-docker": {
      "version": "2.2.1",
      "resolved": "https://registry.npmmirror.com/is-docker/-/is-docker-2.2.1.tgz",
      "integrity": "sha512-F+i2BKsFrH66iaUFc0woD8sLy8getkwTwtOBjvs56Cx4CgJDeKQeqfz8wAYiSb8JOprWhHH5p77PbmYCvvUuXQ==",
      "license": "MIT",
      "bin": {
        "is-docker": "cli.js"
      },
      "engines": {
        "node": ">=8"
      },
      "funding": {
        "url": "https://github.com/sponsors/sindresorhus"
      }
    },
    "node_modules/is-stream": {
      "version": "2.0.1",
      "resolved": "https://registry.npmmirror.com/is-stream/-/is-stream-2.0.1.tgz",
      "integrity": "sha512-hFoiJiTl63nn+kstHGBtewWSKnQLpyb155KHheA1l39uvtO9nWIop1p3udqPcUd/xbF1VLMO4n7OI6p7RbngDg==",
      "license": "MIT",
      "engines": {
        "node": ">=8"
      },
      "funding": {
        "url": "https://github.com/sponsors/sindresorhus"
      }
    },
    "node_modules/is-unicode-supported": {
      "version": "2.1.0",
      "resolved": "https://registry.npmmirror.com/is-unicode-supported/-/is-unicode-supported-2.1.0.tgz",
      "integrity": "sha512-mE00Gnza5EEB3Ds0HfMyllZzbBrmLOX3vfWoj9A9PEnTfratQ/BcaJOuMhnkhjXvb2+FkY3VuHqtAGpTPmglFQ==",
      "license": "MIT",
      "engines": {
        "node": ">=18"
      },
      "funding": {
        "url": "https://github.com/sponsors/sindresorhus"
      }
    },
    "node_modules/is-wsl": {
      "version": "2.2.0",
      "resolved": "https://registry.npmmirror.com/is-wsl/-/is-wsl-2.2.0.tgz",
      "integrity": "sha512-fKzAra0rGJUUBwGBgNkHZuToZcn+TtXHpeCgmkMJMMYx1sQDYaCSyjJBSCa2nH1DGm7s3n1oBnohoVTBaN7Lww==",
      "license": "MIT",
      "dependencies": {
        "is-docker": "^2.0.0"
      },
      "engines": {
        "node": ">=8"
      }
    },
    "node_modules/isexe": {
      "version": "2.0.0",
      "resolved": "https://registry.npmmirror.com/isexe/-/isexe-2.0.0.tgz",
      "integrity": "sha512-RHxMLp9lnKHGHRng9QFhRCMbYAcVpn69smSGcq3f36xjgVVWThj4qqLbTLlq7Ssj8B+fIQ1EuCEGI2lKsyQeIw==",
      "license": "ISC"
    },
    "node_modules/jpeg-js": {
      "version": "0.4.4",
      "resolved": "https://registry.npmmirror.com/jpeg-js/-/jpeg-js-0.4.4.tgz",
      "integrity": "sha512-WZzeDOEtTOBK4Mdsar0IqEU5sMr3vSV2RqkAIzUEV2BHnUfKGyswWFPFwK5EeDo93K3FohSHbLAjj0s1Wzd+dg==",
      "license": "BSD-3-Clause"
    },
    "node_modules/lazyness": {
      "version": "1.2.0",
      "resolved": "https://registry.npmmirror.com/lazyness/-/lazyness-1.2.0.tgz",
      "integrity": "sha512-KenL6EFbwxBwRxG93t0gcUyi0Nw0Ub31FJKN1laA4UscdkL1K1AxUd0gYZdcLU3v+x+wcFi4uQKS5hL+fk500g==",
      "license": "MIT",
      "engines": {
        "node": ">=6.0.0"
      }
    },
    "node_modules/merge-stream": {
      "version": "2.0.0",
      "resolved": "https://registry.npmmirror.com/merge-stream/-/merge-stream-2.0.0.tgz",
      "integrity": "sha512-abv/qOcuPfk3URPfDzmZU1LKmuw8kT+0nIHvKrKgFrwifol/doWcdA4ZqsWQ8ENrFKkd67Mfpo/LovbIUsbt3w==",
      "license": "MIT"
    },
    "node_modules/mimic-fn": {
      "version": "2.1.0",
      "resolved": "https://registry.npmmirror.com/mimic-fn/-/mimic-fn-2.1.0.tgz",
      "integrity": "sha512-OqbOk5oEQeAZ8WXWydlu9HJjz9WVdEIvamMCcXmuqUYjTknH/sqsWvhQ3vgwKFRR1HpjvNBKQ37nbJgYzGqGcg==",
      "license": "MIT",
      "engines": {
        "node": ">=6"
      }
    },
    "node_modules/mri": {
      "version": "1.2.0",
      "resolved": "https://registry.npmmirror.com/mri/-/mri-1.2.0.tgz",
      "integrity": "sha512-tzzskb3bG8LvYGFF/mDTpq3jpI6Q9wc3LEmBaghu+DdCssd1FakN7Bc0hVNmEyGq1bq3RgfkCb3cmQLpNPOroA==",
      "dev": true,
      "license": "MIT",
      "engines": {
        "node": ">=4"
      }
    },
    "node_modules/ndarray": {
      "version": "1.0.19",
      "resolved": "https://registry.npmmirror.com/ndarray/-/ndarray-1.0.19.tgz",
      "integrity": "sha512-B4JHA4vdyZU30ELBw3g7/p9bZupyew5a7tX1Y/gGeF2hafrPaQZhgrGQfsvgfYbgdFZjYwuEcnaobeM/WMW+HQ==",
      "license": "MIT",
      "dependencies": {
        "iota-array": "^1.0.0",
        "is-buffer": "^1.0.2"
      }
    },
    "node_modules/ndarray-pack": {
      "version": "1.2.1",
      "resolved": "https://registry.npmmirror.com/ndarray-pack/-/ndarray-pack-1.2.1.tgz",
      "integrity": "sha512-51cECUJMT0rUZNQa09EoKsnFeDL4x2dHRT0VR5U2H5ZgEcm95ZDWcMA5JShroXjHOejmAD/fg8+H+OvUnVXz2g==",
      "license": "MIT",
      "dependencies": {
        "cwise-compiler": "^1.1.2",
        "ndarray": "^1.0.13"
      }
    },
    "node_modules/nextgen-events": {
      "version": "1.5.3",
      "resolved": "https://registry.npmmirror.com/nextgen-events/-/nextgen-events-1.5.3.tgz",
      "integrity": "sha512-P6qw6kenNXP+J9XlKJNi/MNHUQ+Lx5K8FEcSfX7/w8KJdZan5+BB5MKzuNgL2RTjHG1Svg8SehfseVEp8zAqwA==",
      "license": "MIT",
      "engines": {
        "node": ">=6.0.0"
      }
    },
    "node_modules/node-bitmap": {
      "version": "0.0.1",
      "resolved": "https://registry.npmmirror.com/node-bitmap/-/node-bitmap-0.0.1.tgz",
      "integrity": "sha512-Jx5lPaaLdIaOsj2mVLWMWulXF6GQVdyLvNSxmiYCvZ8Ma2hfKX0POoR2kgKOqz+oFsRreq0yYZjQ2wjE9VNzCA==",
      "engines": {
        "node": ">=v0.6.5"
      }
    },
    "node_modules/node-clipboardy": {
      "version": "1.0.3",
      "resolved": "https://registry.npmmirror.com/node-clipboardy/-/node-clipboardy-1.0.3.tgz",
      "integrity": "sha512-/ErAFOtWDNhZh38rrwlAo05Soxbht/rgWugLOt2Ds+NDpZ+2sPiGiwOmFWzV+65fUYjwi+EJfHByIJ4waTHbVg==",
      "license": "MIT",
      "dependencies": {
        "arch": "^2.2.0",
        "execa": "^5.1.1",
        "is-wsl": "^2.2.0"
      },
      "engines": {
        "node": "^12.20.0 || ^14.13.1 || >=16.0.0"
      }
    },
    "node_modules/non-latin-locales": {
      "version": "1.0.1",
      "resolved": "https://registry.npmmirror.com/non-latin-locales/-/non-latin-locales-1.0.1.tgz",
      "integrity": "sha512-MlpE5jDngaPuBq8ruE7+LWcUOU3F8DXDTXt0lBYUXI7jtXX5gUMP5WMfdzNW7xfiQw9FoCkeiPh0ZFAC/WblhQ==",
      "funding": [
        {
          "type": "github",
          "url": "http://github.com/sponsors/adamlui"
        },
        {
          "type": "ko-fi",
          "url": "https://ko-fi.com/adamlui"
        },
        {
          "type": "paypal",
          "url": "https://paypal.me/adamlui"
        }
      ],
      "license": "MIT"
    },
    "node_modules/npm-run-path": {
      "version": "4.0.1",
      "resolved": "https://registry.npmmirror.com/npm-run-path/-/npm-run-path-4.0.1.tgz",
      "integrity": "sha512-S48WzZW777zhNIrn7gxOlISNAqi9ZC/uQFnRdbeIHhZhCA6UqpkOT8T1G7BvfdgP4Er8gF4sUbaS0i7QvIfCWw==",
      "license": "MIT",
      "dependencies": {
        "path-key": "^3.0.0"
      },
      "engines": {
        "node": ">=8"
      }
    },
    "node_modules/omggif": {
      "version": "1.0.10",
      "resolved": "https://registry.npmmirror.com/omggif/-/omggif-1.0.10.tgz",
      "integrity": "sha512-LMJTtvgc/nugXj0Vcrrs68Mn2D1r0zf630VNtqtpI1FEO7e+O9FP4gqs9AcnBaSEeoHIPm28u6qgPR0oyEpGSw==",
      "license": "MIT"
    },
    "node_modules/onetime": {
      "version": "5.1.2",
      "resolved": "https://registry.npmmirror.com/onetime/-/onetime-5.1.2.tgz",
      "integrity": "sha512-kbpaSSGJTWdAY5KPVeMOKXSrPtr8C8C7wodJbcsd51jRnmD+GZu8Y0VoU6Dm5Z4vWr0Ig/1NKuWRKf7j5aaYSg==",
      "license": "MIT",
      "dependencies": {
        "mimic-fn": "^2.1.0"
      },
      "engines": {
        "node": ">=6"
      },
      "funding": {
        "url": "https://github.com/sponsors/sindresorhus"
      }
    },
    "node_modules/path-key": {
      "version": "3.1.1",
      "resolved": "https://registry.npmmirror.com/path-key/-/path-key-3.1.1.tgz",
      "integrity": "sha512-ojmeN0qd+y0jszEtoY48r0Peq5dwMEkIlCOu6Q5f41lfkswXuKtYrhgoTpLnyIcHm24Uhqx+5Tqm2InSwLhE6Q==",
      "license": "MIT",
      "engines": {
        "node": ">=8"
      }
    },
    "node_modules/pbf": {
      "version": "3.3.0",
      "resolved": "https://registry.npmmirror.com/pbf/-/pbf-3.3.0.tgz",
      "integrity": "sha512-XDF38WCH3z5OV/OVa8GKUNtLAyneuzbCisx7QUCF8Q6Nutx0WnJrQe5O+kOtBlLfRNUws98Y58Lblp+NJG5T4Q==",
      "dev": true,
      "license": "BSD-3-Clause",
      "dependencies": {
        "ieee754": "^1.1.12",
        "resolve-protobuf-schema": "^2.1.0"
      },
      "bin": {
        "pbf": "bin/pbf"
      }
    },
    "node_modules/playwright": {
      "version": "1.61.1",
      "resolved": "https://registry.npmmirror.com/playwright/-/playwright-1.61.1.tgz",
      "integrity": "sha512-DWnY5o3YbLWK4GovuAVwpqL+1VwGNdUGrRr++8j8PtQQzvAVZUIMjKQ90fY689sEJZJBbZVw1rXaOKSTitkzPQ==",
      "dev": true,
      "license": "Apache-2.0",
      "dependencies": {
        "playwright-core": "1.61.1"
      },
      "bin": {
        "playwright": "cli.js"
      },
      "engines": {
        "node": ">=18"
      },
      "optionalDependencies": {
        "fsevents": "2.3.2"
      }
    },
    "node_modules/playwright-core": {
      "version": "1.61.1",
      "resolved": "https://registry.npmmirror.com/playwright-core/-/playwright-core-1.61.1.tgz",
      "integrity": "sha512-h7Qlt6m4REp25qvIdvbDtVmD4LqVXfpRxhORv9L0jzETM05p4fuPJ3dKyuSXQxDSbXnmS79HAgi9589lGSpLkg==",
      "dev": true,
      "license": "Apache-2.0",
      "bin": {
        "playwright-core": "cli.js"
      },
      "engines": {
        "node": ">=18"
      }
    },
    "node_modules/pngjs": {
      "version": "6.0.0",
      "resolved": "https://registry.npmmirror.com/pngjs/-/pngjs-6.0.0.tgz",
      "integrity": "sha512-TRzzuFRRmEoSW/p1KVAmiOgPco2Irlah+bGFCeNfJXxxYGwSw7YwAOAcd7X28K/m5bjBWKsC29KyoMfHbypayg==",
      "license": "MIT",
      "engines": {
        "node": ">=12.13.0"
      }
    },
    "node_modules/protocol-buffers-schema": {
      "version": "3.6.1",
      "resolved": "https://registry.npmmirror.com/protocol-buffers-schema/-/protocol-buffers-schema-3.6.1.tgz",
      "integrity": "sha512-VG2K63Igkiv9p76tk1lilczEK1cT+kCjKtkdhw1dQZV3k3IXJbd3o6Ho8b9zJZaHSnT2hKe4I+ObmX9w6m5SmQ==",
      "dev": true,
      "license": "MIT"
    },
    "node_modules/resolve-protobuf-schema": {
      "version": "2.1.0",
      "resolved": "https://registry.npmmirror.com/resolve-protobuf-schema/-/resolve-protobuf-schema-2.1.0.tgz",
      "integrity": "sha512-kI5ffTiZWmJaS/huM8wZfEMer1eRd7oJQhDuxeCLe3t7N7mX3z94CN0xPxBQxFYQTSNz9T0i+v6inKqSdK8xrQ==",
      "dev": true,
      "license": "MIT",
      "dependencies": {
        "protocol-buffers-schema": "^3.3.1"
      }
    },
    "node_modules/setimmediate": {
      "version": "1.0.5",
      "resolved": "https://registry.npmmirror.com/setimmediate/-/setimmediate-1.0.5.tgz",
      "integrity": "sha512-MATJdZp8sLqDl/68LfQmbP8zKPLQNV6BIZoIgrscFDQ+RsvK/BxeDQOgyxKKoh0y/8h3BqVFnCqQ/gd+reiIXA==",
      "license": "MIT"
    },
    "node_modules/seventh": {
      "version": "0.9.4",
      "resolved": "https://registry.npmmirror.com/seventh/-/seventh-0.9.4.tgz",
      "integrity": "sha512-O85mosi4sOfxG+slvqy0j7zLuFD4ylUgEMt7Pvt9Q/wnwNwG/6MNnHKzV9JkAoPoPM26t/DLFn17p7o7u5kIBA==",
      "license": "MIT",
      "dependencies": {
        "setimmediate": "^1.0.5"
      },
      "engines": {
        "node": ">=16.13.0"
      }
    },
    "node_modules/shebang-command": {
      "version": "2.0.0",
      "resolved": "https://registry.npmmirror.com/shebang-command/-/shebang-command-2.0.0.tgz",
      "integrity": "sha512-kHxr2zZpYtdmrN1qDjrrX/Z1rR1kG8Dx+gkpK1G4eXmvXswmcE1hTWBWYUzlraYw1/yZp6YuDY77YtvbN0dmDA==",
      "license": "MIT",
      "dependencies": {
        "shebang-regex": "^3.0.0"
      },
      "engines": {
        "node": ">=8"
      }
    },
    "node_modules/shebang-regex": {
      "version": "3.0.0",
      "resolved": "https://registry.npmmirror.com/shebang-regex/-/shebang-regex-3.0.0.tgz",
      "integrity": "sha512-7++dFhtcx3353uBaq8DDR4NuxBetBzC7ZQOhmTQInHEd6bSrXdiEyzCvG07Z44UYdLShWUyXt5M/yhz8ekcb1A==",
      "license": "MIT",
      "engines": {
        "node": ">=8"
      }
    },
    "node_modules/signal-exit": {
      "version": "3.0.7",
      "resolved": "https://registry.npmmirror.com/signal-exit/-/signal-exit-3.0.7.tgz",
      "integrity": "sha512-wnD2ZE+l+SPC/uoS0vXeE9L1+0wuaMqKlfz9AMUo38JsyLSBWSFcHR1Rri62LZc12vLr1gb3jl7iwQhgwpAbGQ==",
      "license": "ISC"
    },
    "node_modules/simple-wcswidth": {
      "version": "1.1.2",
      "resolved": "https://registry.npmmirror.com/simple-wcswidth/-/simple-wcswidth-1.1.2.tgz",
      "integrity": "sha512-j7piyCjAeTDSjzTSQ7DokZtMNwNlEAyxqSZeCS+CXH7fJ4jx3FuJ/mTW3mE+6JLs4VJBbcll0Kjn+KXI5t21Iw==",
      "license": "MIT"
    },
    "node_modules/string-kit": {
      "version": "0.19.5",
      "resolved": "https://registry.npmmirror.com/string-kit/-/string-kit-0.19.5.tgz",
      "integrity": "sha512-MqNWtQQw6xMFbOSa26HfyS5uyDu1tR4OEPz44VDP6JWa/S0E0N11uw8CXrPt5hme/tBXRp5AmoIvFl5B9lt7PA==",
      "license": "MIT",
      "engines": {
        "node": ">=14.15.0"
      }
    },
    "node_modules/strip-final-newline": {
      "version": "2.0.0",
      "resolved": "https://registry.npmmirror.com/strip-final-newline/-/strip-final-newline-2.0.0.tgz",
      "integrity": "sha512-BrpvfNAE3dcvq7ll3xVumzjKjZQ5tI1sEUIKr3Uoks0XUl45St3FlatVqef9prk4jRDzhW6WZg+3bk93y6pLjA==",
      "license": "MIT",
      "engines": {
        "node": ">=6"
      }
    },
    "node_modules/terminal-kit": {
      "version": "3.1.4",
      "resolved": "https://registry.npmmirror.com/terminal-kit/-/terminal-kit-3.1.4.tgz",
      "integrity": "sha512-0BfyIa7pY69E+UgV0P655uNk2rjp2eWTA0uZCTMlGzyrgcrH7kO6yZDGdHqB2vNF5uEjQ5+6ZilHfGtzrhLQNg==",
      "license": "MIT",
      "dependencies": {
        "@cronvel/get-pixels": "^3.4.1",
        "chroma-js": "^2.4.2",
        "lazyness": "^1.2.0",
        "ndarray": "^1.0.19",
        "nextgen-events": "^1.5.3",
        "seventh": "^0.9.4",
        "string-kit": "^0.19.5",
        "tree-kit": "^0.8.10"
      },
      "engines": {
        "node": ">=16.13.0"
      }
    },
    "node_modules/tree-kit": {
      "version": "0.8.10",
      "resolved": "https://registry.npmmirror.com/tree-kit/-/tree-kit-0.8.10.tgz",
      "integrity": "sha512-mwuV3lHL+utI9z7vxah/27wrMJprx925xhkw1N4KuGa1dqIi0DLHWfXJpHEyR+ZI0Ij80zN58ztiGp3KlH0wtw==",
      "license": "MIT",
      "engines": {
        "node": ">=16.13.0"
      }
    },
    "node_modules/uniq": {
      "version": "1.0.1",
      "resolved": "https://registry.npmmirror.com/uniq/-/uniq-1.0.1.tgz",
      "integrity": "sha512-Gw+zz50YNKPDKXs+9d+aKAjVwpjNwqzvNpLigIruT4HA9lMZNdMqs9x07kKHB/L9WRzqp4+DlTU5s4wG2esdoA==",
      "license": "MIT"
    },
    "node_modules/which": {
      "version": "2.0.2",
      "resolved": "https://registry.npmmirror.com/which/-/which-2.0.2.tgz",
      "integrity": "sha512-BLI3Tl1TW3Pvl70l3yq3Y64i+awpwXqsGBYWkkqMtnbXgrMD+yj7rhW0kuEDxzJaYXGjEW5ogapKNMEKNMjibA==",
      "license": "ISC",
      "dependencies": {
        "isexe": "^2.0.0"
      },
      "bin": {
        "node-which": "bin/node-which"
      },
      "engines": {
        "node": ">= 8"
      }
    },
    "node_modules/yazl": {
      "version": "2.5.1",
      "resolved": "https://registry.npmmirror.com/yazl/-/yazl-2.5.1.tgz",
      "integrity": "sha512-phENi2PLiHnHb6QBVot+dJnaAZ0xosj7p3fWl+znIjBDlnMI2PsZCJZ306BPTFOaHf5qdDEI8x5qFrSOBN5vrw==",
      "dev": true,
      "license": "MIT",
      "dependencies": {
        "buffer-crc32": "~0.2.3"
      }
    }
  }
}
